
Microsoft Visual Studio Solution File, Format Version 12.00
# Visual Studio Version 17
VisualStudioVersion = 17.11.35208.52
MinimumVisualStudioVersion = 10.0.40219.1
Project("{FAE04EC0-301F-11D3-BF4B-00C04F79EFBC}") = "WebAPI", "WebAPI\WebAPI.csproj", "{9061B385-7742-4844-83E0-C708DC5EABF7}"
EndProject
Global
	GlobalSection(SolutionConfigurationPlatforms) = preSolution
		Debug|Any CPU = Debug|Any CPU
		Release|Any CPU = Release|Any CPU
	EndGlobalSection
	GlobalSection(ProjectConfigurationPlatforms) = postSolution
		{9061B385-7742-4844-83E0-C708DC5EABF7}.Debug|Any CPU.ActiveCfg = Debug|Any CPU
		{9061B385-7742-4844-83E0-C708DC5EABF7}.Debug|Any CPU.Build.0 = Debug|Any CPU
		{9061B385-7742-4844-83E0-C708DC5EABF7}.Release|Any CPU.ActiveCfg = Release|Any CPU
		{9061B385-7742-4844-83E0-C708DC5EABF7}.Release|Any CPU.Build.0 = Release|Any CPU
	EndGlobalSection
	GlobalSection(SolutionProperties) = preSolution
		HideSolutionNode = FALSE
	EndGlobalSection
	GlobalSection(ExtensibilityGlobals) = postSolution
		SolutionGuid = {157FC78E-6734-4022-9C10-120F7C143D96}
	EndGlobalSection
EndGlobal
